PODS:
  - Alamofire (4.8.2)
  - opentracing (0.5.1)
  - ScopeAgent (0.2.3):
    - opentracing (~> 0.5)

DEPENDENCIES:
  - Alamofire (~> 4.7)
  - opentracing
  - ScopeAgent

SPEC REPOS:
  https://github.com/cocoapods/specs.git:
    - Alamofire
    - opentracing
    - ScopeAgent

SPEC CHECKSUMS:
  Alamofire: ae5c501addb7afdbb13687d7f2f722c78734c2d3
  opentracing: f21afebfecbcc50a3fd367a6b30331f0bd094e29
  ScopeAgent: e376568e4f84e5d99a0d2c19bc8ab4ff191a8594

PODFILE CHECKSUM: f094f25a48f8bc3e9bdaf9bb75aea015c625864b

COCOAPODS: 1.6.1
