PODS:
  - Alamofire (4.9.1)
  - opentracing (0.5.1)
  - ScopeAgent (0.3.3)

DEPENDENCIES:
  - Alamofire (~> 4.7)
  - opentracing
  - ScopeAgent

SPEC REPOS:
  trunk:
    - Alamofire
    - opentracing
    - ScopeAgent

SPEC CHECKSUMS:
  Alamofire: 85e8a02c69d6020a0d734f6054870d7ecb75cf18
  opentracing: f21afebfecbcc50a3fd367a6b30331f0bd094e29
  ScopeAgent: 687ddeaf002eb33ff249da2a027e22e1f4c3366a

PODFILE CHECKSUM: f094f25a48f8bc3e9bdaf9bb75aea015c625864b

COCOAPODS: 1.8.3
