PODS:
  - Alamofire (4.8.2)
  - opentracing (0.5.0)
  - ScopeAgent (0.2.2):
    - opentracing (~> 0.5)

DEPENDENCIES:
  - Alamofire (~> 4.7)
  - opentracing
  - ScopeAgent

SPEC REPOS:
  https://github.com/cocoapods/specs.git:
    - Alamofire
    - opentracing
    - ScopeAgent

SPEC CHECKSUMS:
  Alamofire: ae5c501addb7afdbb13687d7f2f722c78734c2d3
  opentracing: 2c1a1076e2ab26f56189b02dcb1e72cf0b297917
  ScopeAgent: 190982be76b43174af67f866fb9457514f45fd4d

PODFILE CHECKSUM: f094f25a48f8bc3e9bdaf9bb75aea015c625864b

COCOAPODS: 1.6.1
